
Microsoft Visual Studio Solution File, Format Version 12.00
# Visual Studio Version 16
VisualStudioVersion = 16.0.29102.190
MinimumVisualStudioVersion = 10.0.40219.1
Project("{FAE04EC0-301F-11D3-BF4B-00C04F79EFBC}") = "ListaBiSuperCompacta", "ListaBiSuperCompacta.csproj", "{4B0268C3-E81E-48A3-A3DF-47E8C5D154F8}"
EndProject
Global
	GlobalSection(SolutionConfigurationPlatforms) = preSolution
		Debug|Any CPU = Debug|Any CPU
		Release|Any CPU = Release|Any CPU
	EndGlobalSection
	GlobalSection(ProjectConfigurationPlatforms) = postSolution
		{4B0268C3-E81E-48A3-A3DF-47E8C5D154F8}.Debug|Any CPU.ActiveCfg = Debug|Any CPU
		{4B0268C3-E81E-48A3-A3DF-47E8C5D154F8}.Debug|Any CPU.Build.0 = Debug|Any CPU
		{4B0268C3-E81E-48A3-A3DF-47E8C5D154F8}.Release|Any CPU.ActiveCfg = Release|Any CPU
		{4B0268C3-E81E-48A3-A3DF-47E8C5D154F8}.Release|Any CPU.Build.0 = Release|Any CPU
	EndGlobalSection
	GlobalSection(SolutionProperties) = preSolution
		HideSolutionNode = FALSE
	EndGlobalSection
	GlobalSection(ExtensibilityGlobals) = postSolution
		SolutionGuid = {22671B2A-437C-48BA-BDFD-65FF5066281C}
	EndGlobalSection
EndGlobal
