
Microsoft Visual Studio Solution File, Format Version 12.00
# Visual Studio Version 16
VisualStudioVersion = 16.0.29102.190
MinimumVisualStudioVersion = 10.0.40219.1
Project("{FAE04EC0-301F-11D3-BF4B-00C04F79EFBC}") = "CriacaoDeListaPOO", "CriacaoDeListaPOO.csproj", "{9C93C3DC-D76B-4592-A4D2-C306BFDD9C1E}"
EndProject
Project("{FAE04EC0-301F-11D3-BF4B-00C04F79EFBC}") = "UsandoNossaBibliotecaDeLista", "..\UsandoNossaBibliotecaDeLista\UsandoNossaBibliotecaDeLista.csproj", "{42839DD6-4893-483A-9A45-C6D4306E3CB0}"
EndProject
Global
	GlobalSection(SolutionConfigurationPlatforms) = preSolution
		Debug|Any CPU = Debug|Any CPU
		Release|Any CPU = Release|Any CPU
	EndGlobalSection
	GlobalSection(ProjectConfigurationPlatforms) = postSolution
		{9C93C3DC-D76B-4592-A4D2-C306BFDD9C1E}.Debug|Any CPU.ActiveCfg = Debug|Any CPU
		{9C93C3DC-D76B-4592-A4D2-C306BFDD9C1E}.Debug|Any CPU.Build.0 = Debug|Any CPU
		{9C93C3DC-D76B-4592-A4D2-C306BFDD9C1E}.Release|Any CPU.ActiveCfg = Release|Any CPU
		{9C93C3DC-D76B-4592-A4D2-C306BFDD9C1E}.Release|Any CPU.Build.0 = Release|Any CPU
		{42839DD6-4893-483A-9A45-C6D4306E3CB0}.Debug|Any CPU.ActiveCfg = Debug|Any CPU
		{42839DD6-4893-483A-9A45-C6D4306E3CB0}.Debug|Any CPU.Build.0 = Debug|Any CPU
		{42839DD6-4893-483A-9A45-C6D4306E3CB0}.Release|Any CPU.ActiveCfg = Release|Any CPU
		{42839DD6-4893-483A-9A45-C6D4306E3CB0}.Release|Any CPU.Build.0 = Release|Any CPU
	EndGlobalSection
	GlobalSection(SolutionProperties) = preSolution
		HideSolutionNode = FALSE
	EndGlobalSection
	GlobalSection(ExtensibilityGlobals) = postSolution
		SolutionGuid = {1BED1C72-B634-496F-BB7F-B0F015000584}
	EndGlobalSection
EndGlobal
