
Microsoft Visual Studio Solution File, Format Version 12.00
# Visual Studio Version 16
VisualStudioVersion = 16.0.29102.190
MinimumVisualStudioVersion = 10.0.40219.1
Project("{FAE04EC0-301F-11D3-BF4B-00C04F79EFBC}") = "MeuCarro4x4", "MeuCarro4x4.csproj", "{429D5965-2C79-4F26-B098-61AB1E8E513C}"
EndProject
Global
	GlobalSection(SolutionConfigurationPlatforms) = preSolution
		Debug|Any CPU = Debug|Any CPU
		Release|Any CPU = Release|Any CPU
	EndGlobalSection
	GlobalSection(ProjectConfigurationPlatforms) = postSolution
		{429D5965-2C79-4F26-B098-61AB1E8E513C}.Debug|Any CPU.ActiveCfg = Debug|Any CPU
		{429D5965-2C79-4F26-B098-61AB1E8E513C}.Debug|Any CPU.Build.0 = Debug|Any CPU
		{429D5965-2C79-4F26-B098-61AB1E8E513C}.Release|Any CPU.ActiveCfg = Release|Any CPU
		{429D5965-2C79-4F26-B098-61AB1E8E513C}.Release|Any CPU.Build.0 = Release|Any CPU
	EndGlobalSection
	GlobalSection(SolutionProperties) = preSolution
		HideSolutionNode = FALSE
	EndGlobalSection
	GlobalSection(ExtensibilityGlobals) = postSolution
		SolutionGuid = {8F277DE7-1161-4242-9D04-577865279238}
	EndGlobalSection
EndGlobal
