
Microsoft Visual Studio Solution File, Format Version 12.00
# Visual Studio Version 16
VisualStudioVersion = 16.0.29102.190
MinimumVisualStudioVersion = 10.0.40219.1
Project("{FAE04EC0-301F-11D3-BF4B-00C04F79EFBC}") = "FormularioCarroWinForm", "FormularioCarroWinForm.csproj", "{2C2568C2-3863-4F3A-9DC0-3889C3823EFC}"
EndProject
Global
	GlobalSection(SolutionConfigurationPlatforms) = preSolution
		Debug|Any CPU = Debug|Any CPU
		Release|Any CPU = Release|Any CPU
	EndGlobalSection
	GlobalSection(ProjectConfigurationPlatforms) = postSolution
		{2C2568C2-3863-4F3A-9DC0-3889C3823EFC}.Debug|Any CPU.ActiveCfg = Debug|Any CPU
		{2C2568C2-3863-4F3A-9DC0-3889C3823EFC}.Debug|Any CPU.Build.0 = Debug|Any CPU
		{2C2568C2-3863-4F3A-9DC0-3889C3823EFC}.Release|Any CPU.ActiveCfg = Release|Any CPU
		{2C2568C2-3863-4F3A-9DC0-3889C3823EFC}.Release|Any CPU.Build.0 = Release|Any CPU
	EndGlobalSection
	GlobalSection(SolutionProperties) = preSolution
		HideSolutionNode = FALSE
	EndGlobalSection
	GlobalSection(ExtensibilityGlobals) = postSolution
		SolutionGuid = {059924E5-DB77-4E23-A9D5-F5F1EE2F41C0}
	EndGlobalSection
EndGlobal
