
Microsoft Visual Studio Solution File, Format Version 12.00
# Visual Studio Version 16
VisualStudioVersion = 16.0.29102.190
MinimumVisualStudioVersion = 10.0.40219.1
Project("{FAE04EC0-301F-11D3-BF4B-00C04F79EFBC}") = "CantinaGG", "CantinaGG.csproj", "{C170521D-CC9A-4395-B646-829798AD94D0}"
EndProject
Global
	GlobalSection(SolutionConfigurationPlatforms) = preSolution
		Debug|Any CPU = Debug|Any CPU
		Release|Any CPU = Release|Any CPU
	EndGlobalSection
	GlobalSection(ProjectConfigurationPlatforms) = postSolution
		{C170521D-CC9A-4395-B646-829798AD94D0}.Debug|Any CPU.ActiveCfg = Debug|Any CPU
		{C170521D-CC9A-4395-B646-829798AD94D0}.Debug|Any CPU.Build.0 = Debug|Any CPU
		{C170521D-CC9A-4395-B646-829798AD94D0}.Release|Any CPU.ActiveCfg = Release|Any CPU
		{C170521D-CC9A-4395-B646-829798AD94D0}.Release|Any CPU.Build.0 = Release|Any CPU
	EndGlobalSection
	GlobalSection(SolutionProperties) = preSolution
		HideSolutionNode = FALSE
	EndGlobalSection
	GlobalSection(ExtensibilityGlobals) = postSolution
		SolutionGuid = {99877612-B78B-4F9F-89BA-22EDA291A34D}
	EndGlobalSection
EndGlobal
