
Microsoft Visual Studio Solution File, Format Version 12.00
# Visual Studio Version 16
VisualStudioVersion = 16.0.29102.190
MinimumVisualStudioVersion = 10.0.40219.1
Project("{FAE04EC0-301F-11D3-BF4B-00C04F79EFBC}") = "EstacionamentoPOO", "EstacionamentoPOO.csproj", "{B5C41BD5-4230-48D2-8C1C-E3C4CAE26026}"
EndProject
Global
	GlobalSection(SolutionConfigurationPlatforms) = preSolution
		Debug|Any CPU = Debug|Any CPU
		Release|Any CPU = Release|Any CPU
	EndGlobalSection
	GlobalSection(ProjectConfigurationPlatforms) = postSolution
		{B5C41BD5-4230-48D2-8C1C-E3C4CAE26026}.Debug|Any CPU.ActiveCfg = Debug|Any CPU
		{B5C41BD5-4230-48D2-8C1C-E3C4CAE26026}.Debug|Any CPU.Build.0 = Debug|Any CPU
		{B5C41BD5-4230-48D2-8C1C-E3C4CAE26026}.Release|Any CPU.ActiveCfg = Release|Any CPU
		{B5C41BD5-4230-48D2-8C1C-E3C4CAE26026}.Release|Any CPU.Build.0 = Release|Any CPU
	EndGlobalSection
	GlobalSection(SolutionProperties) = preSolution
		HideSolutionNode = FALSE
	EndGlobalSection
	GlobalSection(ExtensibilityGlobals) = postSolution
		SolutionGuid = {9114B7DF-A175-4101-BF5B-9AE35C269B99}
	EndGlobalSection
EndGlobal
