
Microsoft Visual Studio Solution File, Format Version 12.00
# Visual Studio Version 16
VisualStudioVersion = 16.0.29102.190
MinimumVisualStudioVersion = 10.0.40219.1
Project("{FAE04EC0-301F-11D3-BF4B-00C04F79EFBC}") = "Listar_meus_carros", "Listar_meus_carros.csproj", "{82DB5417-4126-45D8-A416-FDE41D0CC829}"
EndProject
Global
	GlobalSection(SolutionConfigurationPlatforms) = preSolution
		Debug|Any CPU = Debug|Any CPU
		Release|Any CPU = Release|Any CPU
	EndGlobalSection
	GlobalSection(ProjectConfigurationPlatforms) = postSolution
		{82DB5417-4126-45D8-A416-FDE41D0CC829}.Debug|Any CPU.ActiveCfg = Debug|Any CPU
		{82DB5417-4126-45D8-A416-FDE41D0CC829}.Debug|Any CPU.Build.0 = Debug|Any CPU
		{82DB5417-4126-45D8-A416-FDE41D0CC829}.Release|Any CPU.ActiveCfg = Release|Any CPU
		{82DB5417-4126-45D8-A416-FDE41D0CC829}.Release|Any CPU.Build.0 = Release|Any CPU
	EndGlobalSection
	GlobalSection(SolutionProperties) = preSolution
		HideSolutionNode = FALSE
	EndGlobalSection
	GlobalSection(ExtensibilityGlobals) = postSolution
		SolutionGuid = {E13A98F8-83CE-4471-8662-0723E91C1ED5}
	EndGlobalSection
EndGlobal
