
Microsoft Visual Studio Solution File, Format Version 12.00
# Visual Studio Version 16
VisualStudioVersion = 16.0.29102.190
MinimumVisualStudioVersion = 10.0.40219.1
Project("{FAE04EC0-301F-11D3-BF4B-00C04F79EFBC}") = "Calculadora", "Calculadora.csproj", "{77E8A000-F272-467E-AC4B-34284C766056}"
EndProject
Project("{FAE04EC0-301F-11D3-BF4B-00C04F79EFBC}") = "CalculadoraSimples", "..\CalculadoraSimples\CalculadoraSimples.csproj", "{BA6D9A27-6856-48AE-BD36-A3F983E90046}"
EndProject
Global
	GlobalSection(SolutionConfigurationPlatforms) = preSolution
		Debug|Any CPU = Debug|Any CPU
		Release|Any CPU = Release|Any CPU
	EndGlobalSection
	GlobalSection(ProjectConfigurationPlatforms) = postSolution
		{77E8A000-F272-467E-AC4B-34284C766056}.Debug|Any CPU.ActiveCfg = Debug|Any CPU
		{77E8A000-F272-467E-AC4B-34284C766056}.Debug|Any CPU.Build.0 = Debug|Any CPU
		{77E8A000-F272-467E-AC4B-34284C766056}.Release|Any CPU.ActiveCfg = Release|Any CPU
		{77E8A000-F272-467E-AC4B-34284C766056}.Release|Any CPU.Build.0 = Release|Any CPU
		{BA6D9A27-6856-48AE-BD36-A3F983E90046}.Debug|Any CPU.ActiveCfg = Debug|Any CPU
		{BA6D9A27-6856-48AE-BD36-A3F983E90046}.Debug|Any CPU.Build.0 = Debug|Any CPU
		{BA6D9A27-6856-48AE-BD36-A3F983E90046}.Release|Any CPU.ActiveCfg = Release|Any CPU
		{BA6D9A27-6856-48AE-BD36-A3F983E90046}.Release|Any CPU.Build.0 = Release|Any CPU
	EndGlobalSection
	GlobalSection(SolutionProperties) = preSolution
		HideSolutionNode = FALSE
	EndGlobalSection
	GlobalSection(ExtensibilityGlobals) = postSolution
		SolutionGuid = {C52E3F18-6443-481C-8D99-705208BA66F0}
	EndGlobalSection
EndGlobal
