
Microsoft Visual Studio Solution File, Format Version 12.00
# Visual Studio Version 16
VisualStudioVersion = 16.0.29020.237
MinimumVisualStudioVersion = 10.0.40219.1
Project("{FAE04EC0-301F-11D3-BF4B-00C04F79EFBC}") = "AdicionandoValoresEmUmaLista", "AdicionandoValoresEmUmaLista.csproj", "{F1841C11-84DA-427C-9870-9FB8F6F427FD}"
EndProject
Global
	GlobalSection(SolutionConfigurationPlatforms) = preSolution
		Debug|Any CPU = Debug|Any CPU
		Release|Any CPU = Release|Any CPU
	EndGlobalSection
	GlobalSection(ProjectConfigurationPlatforms) = postSolution
		{F1841C11-84DA-427C-9870-9FB8F6F427FD}.Debug|Any CPU.ActiveCfg = Debug|Any CPU
		{F1841C11-84DA-427C-9870-9FB8F6F427FD}.Debug|Any CPU.Build.0 = Debug|Any CPU
		{F1841C11-84DA-427C-9870-9FB8F6F427FD}.Release|Any CPU.ActiveCfg = Release|Any CPU
		{F1841C11-84DA-427C-9870-9FB8F6F427FD}.Release|Any CPU.Build.0 = Release|Any CPU
	EndGlobalSection
	GlobalSection(SolutionProperties) = preSolution
		HideSolutionNode = FALSE
	EndGlobalSection
	GlobalSection(ExtensibilityGlobals) = postSolution
		SolutionGuid = {31ADEB9B-006C-4F6A-850C-ABCBA27B8697}
	EndGlobalSection
EndGlobal
