
Microsoft Visual Studio Solution File, Format Version 12.00
# Visual Studio Version 16
VisualStudioVersion = 16.0.29102.190
MinimumVisualStudioVersion = 10.0.40219.1
Project("{FAE04EC0-301F-11D3-BF4B-00C04F79EFBC}") = "WebApplication1", "WebApplication1.csproj", "{87A889B1-6C0A-4499-8404-E0465F912A85}"
EndProject
Global
	GlobalSection(SolutionConfigurationPlatforms) = preSolution
		Debug|Any CPU = Debug|Any CPU
		Release|Any CPU = Release|Any CPU
	EndGlobalSection
	GlobalSection(ProjectConfigurationPlatforms) = postSolution
		{87A889B1-6C0A-4499-8404-E0465F912A85}.Debug|Any CPU.ActiveCfg = Debug|Any CPU
		{87A889B1-6C0A-4499-8404-E0465F912A85}.Debug|Any CPU.Build.0 = Debug|Any CPU
		{87A889B1-6C0A-4499-8404-E0465F912A85}.Release|Any CPU.ActiveCfg = Release|Any CPU
		{87A889B1-6C0A-4499-8404-E0465F912A85}.Release|Any CPU.Build.0 = Release|Any CPU
	EndGlobalSection
	GlobalSection(SolutionProperties) = preSolution
		HideSolutionNode = FALSE
	EndGlobalSection
	GlobalSection(ExtensibilityGlobals) = postSolution
		SolutionGuid = {6D8ABE81-0D41-4C93-B4B5-A567EDC93EE9}
	EndGlobalSection
EndGlobal
