
Microsoft Visual Studio Solution File, Format Version 12.00
# Visual Studio Version 16
VisualStudioVersion = 16.0.29020.237
MinimumVisualStudioVersion = 10.0.40219.1
Project("{FAE04EC0-301F-11D3-BF4B-00C04F79EFBC}") = "ArrayDeDois", "ArrayDeDois.csproj", "{2BD4D09C-AA39-4DEF-9974-907CB99FD506}"
EndProject
Global
	GlobalSection(SolutionConfigurationPlatforms) = preSolution
		Debug|Any CPU = Debug|Any CPU
		Release|Any CPU = Release|Any CPU
	EndGlobalSection
	GlobalSection(ProjectConfigurationPlatforms) = postSolution
		{2BD4D09C-AA39-4DEF-9974-907CB99FD506}.Debug|Any CPU.ActiveCfg = Debug|Any CPU
		{2BD4D09C-AA39-4DEF-9974-907CB99FD506}.Debug|Any CPU.Build.0 = Debug|Any CPU
		{2BD4D09C-AA39-4DEF-9974-907CB99FD506}.Release|Any CPU.ActiveCfg = Release|Any CPU
		{2BD4D09C-AA39-4DEF-9974-907CB99FD506}.Release|Any CPU.Build.0 = Release|Any CPU
	EndGlobalSection
	GlobalSection(SolutionProperties) = preSolution
		HideSolutionNode = FALSE
	EndGlobalSection
	GlobalSection(ExtensibilityGlobals) = postSolution
		SolutionGuid = {3B25F5C2-C806-499A-9D4C-62F8F2905D7A}
	EndGlobalSection
EndGlobal
