
Microsoft Visual Studio Solution File, Format Version 12.00
# Visual Studio Version 16
VisualStudioVersion = 16.0.29102.190
MinimumVisualStudioVersion = 10.0.40219.1
Project("{FAE04EC0-301F-11D3-BF4B-00C04F79EFBC}") = "ExperimentoReGex", "ExperimentoReGex.csproj", "{842E6C9D-CD17-4ABB-A6A0-1F350FF9FC31}"
EndProject
Global
	GlobalSection(SolutionConfigurationPlatforms) = preSolution
		Debug|Any CPU = Debug|Any CPU
		Release|Any CPU = Release|Any CPU
	EndGlobalSection
	GlobalSection(ProjectConfigurationPlatforms) = postSolution
		{842E6C9D-CD17-4ABB-A6A0-1F350FF9FC31}.Debug|Any CPU.ActiveCfg = Debug|Any CPU
		{842E6C9D-CD17-4ABB-A6A0-1F350FF9FC31}.Debug|Any CPU.Build.0 = Debug|Any CPU
		{842E6C9D-CD17-4ABB-A6A0-1F350FF9FC31}.Release|Any CPU.ActiveCfg = Release|Any CPU
		{842E6C9D-CD17-4ABB-A6A0-1F350FF9FC31}.Release|Any CPU.Build.0 = Release|Any CPU
	EndGlobalSection
	GlobalSection(SolutionProperties) = preSolution
		HideSolutionNode = FALSE
	EndGlobalSection
	GlobalSection(ExtensibilityGlobals) = postSolution
		SolutionGuid = {AA59D356-655E-41EC-9881-02E08C424B1A}
	EndGlobalSection
EndGlobal
