
Microsoft Visual Studio Solution File, Format Version 12.00
# Visual Studio Version 16
VisualStudioVersion = 16.0.29102.190
MinimumVisualStudioVersion = 10.0.40219.1
Project("{FAE04EC0-301F-11D3-BF4B-00C04F79EFBC}") = "WpfApp1", "WpfApp1.csproj", "{4A6C4540-D9C6-4380-9C26-47F1990714EA}"
EndProject
Global
	GlobalSection(SolutionConfigurationPlatforms) = preSolution
		Debug|Any CPU = Debug|Any CPU
		Release|Any CPU = Release|Any CPU
	EndGlobalSection
	GlobalSection(ProjectConfigurationPlatforms) = postSolution
		{4A6C4540-D9C6-4380-9C26-47F1990714EA}.Debug|Any CPU.ActiveCfg = Debug|Any CPU
		{4A6C4540-D9C6-4380-9C26-47F1990714EA}.Debug|Any CPU.Build.0 = Debug|Any CPU
		{4A6C4540-D9C6-4380-9C26-47F1990714EA}.Release|Any CPU.ActiveCfg = Release|Any CPU
		{4A6C4540-D9C6-4380-9C26-47F1990714EA}.Release|Any CPU.Build.0 = Release|Any CPU
	EndGlobalSection
	GlobalSection(SolutionProperties) = preSolution
		HideSolutionNode = FALSE
	EndGlobalSection
	GlobalSection(ExtensibilityGlobals) = postSolution
		SolutionGuid = {BA632110-23A5-4F09-A9F7-907FC9BCCABA}
	EndGlobalSection
EndGlobal
