
Microsoft Visual Studio Solution File, Format Version 12.00
# Visual Studio Version 16
VisualStudioVersion = 16.0.29020.237
MinimumVisualStudioVersion = 10.0.40219.1
Project("{FAE04EC0-301F-11D3-BF4B-00C04F79EFBC}") = "Musica", "Musica.csproj", "{5721D7BA-2E99-4063-8398-062584A5210C}"
EndProject
Global
	GlobalSection(SolutionConfigurationPlatforms) = preSolution
		Debug|Any CPU = Debug|Any CPU
		Release|Any CPU = Release|Any CPU
	EndGlobalSection
	GlobalSection(ProjectConfigurationPlatforms) = postSolution
		{5721D7BA-2E99-4063-8398-062584A5210C}.Debug|Any CPU.ActiveCfg = Debug|Any CPU
		{5721D7BA-2E99-4063-8398-062584A5210C}.Debug|Any CPU.Build.0 = Debug|Any CPU
		{5721D7BA-2E99-4063-8398-062584A5210C}.Release|Any CPU.ActiveCfg = Release|Any CPU
		{5721D7BA-2E99-4063-8398-062584A5210C}.Release|Any CPU.Build.0 = Release|Any CPU
	EndGlobalSection
	GlobalSection(SolutionProperties) = preSolution
		HideSolutionNode = FALSE
	EndGlobalSection
	GlobalSection(ExtensibilityGlobals) = postSolution
		SolutionGuid = {D11C7978-4DAE-43D4-B03F-9D4FE54C807C}
	EndGlobalSection
EndGlobal
