
Microsoft Visual Studio Solution File, Format Version 12.00
# Visual Studio Version 16
VisualStudioVersion = 16.0.29102.190
MinimumVisualStudioVersion = 10.0.40219.1
Project("{FAE04EC0-301F-11D3-BF4B-00C04F79EFBC}") = "MyFirstWPF", "MyFirstWPF.csproj", "{E96804A6-E38F-4CB6-9185-137A531F27AF}"
EndProject
Global
	GlobalSection(SolutionConfigurationPlatforms) = preSolution
		Debug|Any CPU = Debug|Any CPU
		Release|Any CPU = Release|Any CPU
	EndGlobalSection
	GlobalSection(ProjectConfigurationPlatforms) = postSolution
		{E96804A6-E38F-4CB6-9185-137A531F27AF}.Debug|Any CPU.ActiveCfg = Debug|Any CPU
		{E96804A6-E38F-4CB6-9185-137A531F27AF}.Debug|Any CPU.Build.0 = Debug|Any CPU
		{E96804A6-E38F-4CB6-9185-137A531F27AF}.Release|Any CPU.ActiveCfg = Release|Any CPU
		{E96804A6-E38F-4CB6-9185-137A531F27AF}.Release|Any CPU.Build.0 = Release|Any CPU
	EndGlobalSection
	GlobalSection(SolutionProperties) = preSolution
		HideSolutionNode = FALSE
	EndGlobalSection
	GlobalSection(ExtensibilityGlobals) = postSolution
		SolutionGuid = {1C6FCBAC-3A33-4667-BAA9-288BF42B3C00}
	EndGlobalSection
EndGlobal
