
Microsoft Visual Studio Solution File, Format Version 12.00
# Visual Studio Version 16
VisualStudioVersion = 16.0.29020.237
MinimumVisualStudioVersion = 10.0.40219.1
Project("{FAE04EC0-301F-11D3-BF4B-00C04F79EFBC}") = "ExercicioLista_", "ExercicioLista_.csproj", "{FCE5BED8-31AA-405C-856F-02694BFC80A2}"
EndProject
Global
	GlobalSection(SolutionConfigurationPlatforms) = preSolution
		Debug|Any CPU = Debug|Any CPU
		Release|Any CPU = Release|Any CPU
	EndGlobalSection
	GlobalSection(ProjectConfigurationPlatforms) = postSolution
		{FCE5BED8-31AA-405C-856F-02694BFC80A2}.Debug|Any CPU.ActiveCfg = Debug|Any CPU
		{FCE5BED8-31AA-405C-856F-02694BFC80A2}.Debug|Any CPU.Build.0 = Debug|Any CPU
		{FCE5BED8-31AA-405C-856F-02694BFC80A2}.Release|Any CPU.ActiveCfg = Release|Any CPU
		{FCE5BED8-31AA-405C-856F-02694BFC80A2}.Release|Any CPU.Build.0 = Release|Any CPU
	EndGlobalSection
	GlobalSection(SolutionProperties) = preSolution
		HideSolutionNode = FALSE
	EndGlobalSection
	GlobalSection(ExtensibilityGlobals) = postSolution
		SolutionGuid = {B10E8544-20B4-4C33-A373-DE2AF1160431}
	EndGlobalSection
EndGlobal
